{
  "name": "inspirejs.org",
  "version": "2.0.0",
  "lockfileVersion": 3,
  "requires": true,
  "packages": {
    "": {
      "name": "inspirejs.org",
      "version": "2.0.0",
      "license": "MIT",
      "dependencies": {
        "blissful-hooks": "^0.0"
      }
    },
    "node_modules/blissful-hooks": {
      "version": "0.0.2",
      "resolved": "https://registry.npmjs.org/blissful-hooks/-/blissful-hooks-0.0.2.tgz",
      "integrity": "sha512-kQ0Ixlf79zdOS8X2hmvtvjYB4EM55tS6leM6MM0CcLZ3wmYKPsSjmnQgrXSOt3nVCjpeIcZWxouYmcn/8jxVnw==",
      "license": "MIT"
    }
  }
}
