{
  "name": "inspirejs.org",
  "version": "2.0.0",
  "lockfileVersion": 2,
  "requires": true,
  "packages": {
    "": {
      "name": "inspirejs.org",
      "version": "2.0.0",
      "license": "MIT",
      "dependencies": {
        "blissful-hooks": "^0.0.1"
      }
    },
    "node_modules/blissful-hooks": {
      "version": "0.0.1",
      "resolved": "https://registry.npmjs.org/blissful-hooks/-/blissful-hooks-0.0.1.tgz",
      "integrity": "sha512-BH0+XqnNO5zk8PlFYQYQyR3zAQSzyNv1/xg/zlYUk+bjDO9WhYnD/h/oMRgD+UQLmo5zouaUmOXAsA6OHCwU/w==",
      "license": "MIT"
    }
  },
  "dependencies": {
    "blissful-hooks": {
      "version": "0.0.1",
      "resolved": "https://registry.npmjs.org/blissful-hooks/-/blissful-hooks-0.0.1.tgz",
      "integrity": "sha512-BH0+XqnNO5zk8PlFYQYQyR3zAQSzyNv1/xg/zlYUk+bjDO9WhYnD/h/oMRgD+UQLmo5zouaUmOXAsA6OHCwU/w=="
    }
  }
}
